
Microsoft Visual Studio Solution File, Format Version 12.00
# Visual Studio Version 17
VisualStudioVersion = 17.2.32526.322
MinimumVisualStudioVersion = 10.0.40219.1
Project("{9A19103F-16F7-4668-BE54-9A1E7A4F7556}") = "TrackerLibrary", "TrackerLibrary\TrackerLibrary.csproj", "{80ED0786-A109-4C9D-91B5-FFA1A7CE2C17}"
EndProject
Project("{FAE04EC0-301F-11D3-BF4B-00C04F79EFBC}") = "TrackerUI", "TrackerUI\TrackerUI.csproj", "{3EC121D2-D942-4918-B956-722F8F2F8381}"
EndProject
Project("{2150E333-8FDC-42A3-9474-1A3956D46DE8}") = "Design", "Design", "{5064626E-9825-4BA8-A093-2173DD97E8EE}"
	ProjectSection(SolutionItems) = preProject
		..\..\..\OneDrive - Happiest Minds Technologies Limited\Desktop\Table Design.png = ..\..\..\OneDrive - Happiest Minds Technologies Limited\Desktop\Table Design.png
	EndProjectSection
EndProject
Global
	GlobalSection(SolutionConfigurationPlatforms) = preSolution
		Debug|Any CPU = Debug|Any CPU
		Release|Any CPU = Release|Any CPU
	EndGlobalSection
	GlobalSection(ProjectConfigurationPlatforms) = postSolution
		{80ED0786-A109-4C9D-91B5-FFA1A7CE2C17}.Debug|Any CPU.ActiveCfg = Debug|Any CPU
		{80ED0786-A109-4C9D-91B5-FFA1A7CE2C17}.Debug|Any CPU.Build.0 = Debug|Any CPU
		{80ED0786-A109-4C9D-91B5-FFA1A7CE2C17}.Release|Any CPU.ActiveCfg = Release|Any CPU
		{80ED0786-A109-4C9D-91B5-FFA1A7CE2C17}.Release|Any CPU.Build.0 = Release|Any CPU
		{3EC121D2-D942-4918-B956-722F8F2F8381}.Debug|Any CPU.ActiveCfg = Debug|Any CPU
		{3EC121D2-D942-4918-B956-722F8F2F8381}.Debug|Any CPU.Build.0 = Debug|Any CPU
		{3EC121D2-D942-4918-B956-722F8F2F8381}.Release|Any CPU.ActiveCfg = Release|Any CPU
		{3EC121D2-D942-4918-B956-722F8F2F8381}.Release|Any CPU.Build.0 = Release|Any CPU
	EndGlobalSection
	GlobalSection(SolutionProperties) = preSolution
		HideSolutionNode = FALSE
	EndGlobalSection
	GlobalSection(ExtensibilityGlobals) = postSolution
		SolutionGuid = {81A6E0AD-3231-4885-85CC-EC516CD1EE6D}
	EndGlobalSection
EndGlobal
